
Microsoft Visual Studio Solution File, Format Version 12.00
# Visual Studio 15
VisualStudioVersion = 15.0.28307.136
MinimumVisualStudioVersion = 10.0.40219.1
Project("{FAE04EC0-301F-11D3-BF4B-00C04F79EFBC}") = "Azure.DurableFunctions.Bug", "Azure.DurableFunctions.Bug\Azure.DurableFunctions.Bug.csproj", "{E1E31CF9-E3A7-4CCE-9DB8-E2E33A19698F}"
EndProject
Global
	GlobalSection(SolutionConfigurationPlatforms) = preSolution
		Debug|Any CPU = Debug|Any CPU
		Release|Any CPU = Release|Any CPU
	EndGlobalSection
	GlobalSection(ProjectConfigurationPlatforms) = postSolution
		{E1E31CF9-E3A7-4CCE-9DB8-E2E33A19698F}.Debug|Any CPU.ActiveCfg = Debug|Any CPU
		{E1E31CF9-E3A7-4CCE-9DB8-E2E33A19698F}.Debug|Any CPU.Build.0 = Debug|Any CPU
		{E1E31CF9-E3A7-4CCE-9DB8-E2E33A19698F}.Release|Any CPU.ActiveCfg = Release|Any CPU
		{E1E31CF9-E3A7-4CCE-9DB8-E2E33A19698F}.Release|Any CPU.Build.0 = Release|Any CPU
	EndGlobalSection
	GlobalSection(SolutionProperties) = preSolution
		HideSolutionNode = FALSE
	EndGlobalSection
	GlobalSection(ExtensibilityGlobals) = postSolution
		SolutionGuid = {66F18DB2-AB77-4EEC-9CAE-1E955B0CB86D}
	EndGlobalSection
EndGlobal
